
Microsoft Visual Studio Solution File, Format Version 12.00
# Visual Studio Version 17
VisualStudioVersion = 17.8.34322.80
MinimumVisualStudioVersion = 10.0.40219.1
Project("{FAE04EC0-301F-11D3-BF4B-00C04F79EFBC}") = "TL2BetaMiniLobby", "src\TL2BetaMiniLobby\TL2BetaMiniLobby.csproj", "{B62DFD5C-9CB5-4738-B09F-1FC7AFF01EB0}"
EndProject
Global
	GlobalSection(SolutionConfigurationPlatforms) = preSolution
		Debug|Any CPU = Debug|Any CPU
		Release|Any CPU = Release|Any CPU
	EndGlobalSection
	GlobalSection(ProjectConfigurationPlatforms) = postSolution
		{B62DFD5C-9CB5-4738-B09F-1FC7AFF01EB0}.Debug|Any CPU.ActiveCfg = Debug|Any CPU
		{B62DFD5C-9CB5-4738-B09F-1FC7AFF01EB0}.Debug|Any CPU.Build.0 = Debug|Any CPU
		{B62DFD5C-9CB5-4738-B09F-1FC7AFF01EB0}.Release|Any CPU.ActiveCfg = Release|Any CPU
		{B62DFD5C-9CB5-4738-B09F-1FC7AFF01EB0}.Release|Any CPU.Build.0 = Release|Any CPU
	EndGlobalSection
	GlobalSection(SolutionProperties) = preSolution
		HideSolutionNode = FALSE
	EndGlobalSection
	GlobalSection(ExtensibilityGlobals) = postSolution
		SolutionGuid = {F01B65F9-EE27-4AC0-B5A4-D074224A3CFF}
	EndGlobalSection
EndGlobal
